// !$*UTF8*$!
{
	archiveVersion = 1;
	classes = {
	};
	objectVersion = 56;
	objects = {

/* Begin PBXBuildFile section */
		66DB6A872C52A7FB00109B82 /* aboutMeAppApp.swift in Sources */ = {isa = PBXBuildFile; fileRef = 66DB6A862C52A7FB00109B82 /* aboutMeAppApp.swift */; };
		66DB6A892C52A7FB00109B82 /* ContentView.swift in Sources */ = {isa = PBXBuildFile; fileRef = 66DB6A882C52A7FB00109B82 /* ContentView.swift */; };
		66DB6A8B2C52A7FF00109B82 /* Assets.xcassets in Resources */ = {isa = PBXBuildFile; fileRef = 66DB6A8A2C52A7FF00109B82 /* Assets.xcassets */; };
		66DB6A8E2C52A7FF00109B82 /* Preview Assets.xcassets in Resources */ = {isa = PBXBuildFile; fileRef = 66DB6A8D2C52A7FF00109B82 /* Preview Assets.xcassets */; };
		66DB6A982C52A80000109B82 /* aboutMeAppTests.swift in Sources */ = {isa = PBXBuildFile; fileRef = 66DB6A972C52A80000109B82 /* aboutMeAppTests.swift */; };
		66DB6AA22C52A80000109B82 /* aboutMeAppUITests.swift in Sources */ = {isa = PBXBuildFile; fileRef = 66DB6AA12C52A80000109B82 /* aboutMeAppUITests.swift */; };
		66DB6AA42C52A80000109B82 /* aboutMeAppUITestsLaunchTests.swift in Sources */ = {isa = PBXBuildFile; fileRef = 66DB6AA32C52A80000109B82 /* aboutMeAppUITestsLaunchTests.swift */; };
/* End PBXBuildFile section */

/* Begin PBXContainerItemProxy section */
		66DB6A942C52A80000109B82 /* PBXContainerItemProxy */ = {
			isa = PBXContainerItemProxy;
			containerPortal = 66DB6A7B2C52A7FB00109B82 /* Project object */;
			proxyType = 1;
			remoteGlobalIDString = 66DB6A822C52A7FB00109B82;
			remoteInfo = aboutMeApp;
		};
		66DB6A9E2C52A80000109B82 /* PBXContainerItemProxy */ = {
			isa = PBXContainerItemProxy;
			containerPortal = 66DB6A7B2C52A7FB00109B82 /* Project object */;
			proxyType = 1;
			remoteGlobalIDString = 66DB6A822C52A7FB00109B82;
			remoteInfo = aboutMeApp;
		};
/* End PBXContainerItemProxy section */

/* Begin PBXFileReference section */
		66DB6A832C52A7FB00109B82 /* aboutMeApp.app */ = {isa = PBXFileReference; explicitFileType = wrapper.application; includeInIndex = 0; path = aboutMeApp.app; sourceTree = BUILT_PRODUCTS_DIR; };
		66DB6A862C52A7FB00109B82 /* aboutMeAppApp.swift */ = {isa = PBXFileReference; lastKnownFileType = sourcecode.swift; path = aboutMeAppApp.swift; sourceTree = "<group>"; };
		66DB6A882C52A7FB00109B82 /* ContentView.swift */ = {isa = PBXFileReference; lastKnownFileType = sourcecode.swift; path = ContentView.swift; sourceTree = "<group>"; };
		66DB6A8A2C52A7FF00109B82 /* Assets.xcassets */ = {isa = PBXFileReference; lastKnownFileType = folder.assetcatalog; path = Assets.xcassets; sourceTree = "<group>"; };
		66DB6A8D2C52A7FF00109B82 /* Preview Assets.xcassets */ = {isa = PBXFileReference; lastKnownFileType = folder.assetcatalog; path = "Preview Assets.xcassets"; sourceTree = "<group>"; };
		66DB6A932C52A80000109B82 /* aboutMeAppTests.xctest */ = {isa = PBXFileReference; explicitFileType = wrapper.cfbundle; includeInIndex = 0; path = aboutMeAppTests.xctest; sourceTree = BUILT_PRODUCTS_DIR; };
		66DB6A972C52A80000109B82 /* aboutMeAppTests.swift */ = {isa = PBXFileReference; lastKnownFileType = sourcecode.swift; path = aboutMeAppTests.swift; sourceTree = "<group>"; };
		66DB6A9D2C52A80000109B82 /* aboutMeAppUITests.xctest */ = {isa = PBXFileReference; explicitFileType = wrapper.cfbundle; includeInIndex = 0; path = aboutMeAppUITests.xctest; sourceTree = BUILT_PRODUCTS_DIR; };
		66DB6AA12C52A80000109B82 /* aboutMeAppUITests.swift */ = {isa = PBXFileReference; lastKnownFileType = sourcecode.swift; path = aboutMeAppUITests.swift; sourceTree = "<group>"; };
		66DB6AA32C52A80000109B82 /* aboutMeAppUITestsLaunchTests.swift */ = {isa = PBXFileReference; lastKnownFileType = sourcecode.swift; path = aboutMeAppUITestsLaunchTests.swift; sourceTree = "<group>"; };
/* End PBXFileReference section */

/* Begin PBXFrameworksBuildPhase section */
		66DB6A802C52A7FB00109B82 /* Frameworks */ = {
			isa = PBXFrameworksBuildPhase;
			buildActionMask = 2147483647;
			files = (
			);
			runOnlyForDeploymentPostprocessing = 0;
		};
		66DB6A902C52A80000109B82 /* Frameworks */ = {
			isa = PBXFrameworksBuildPhase;
			buildActionMask = 2147483647;
			files = (
			);
			runOnlyForDeploymentPostprocessing = 0;
		};
		66DB6A9A2C52A80000109B82 /* Frameworks */ = {
			isa = PBXFrameworksBuildPhase;
			buildActionMask = 2147483647;
			files = (
			);
			runOnlyForDeploymentPostprocessing = 0;
		};
/* End PBXFrameworksBuildPhase section */

/* Begin PBXGroup section */
		66DB6A7A2C52A7FB00109B82 = {
			isa = PBXGroup;
			children = (
				66DB6A852C52A7FB00109B82 /* aboutMeApp */,
				66DB6A962C52A80000109B82 /* aboutMeAppTests */,
				66DB6AA02C52A80000109B82 /* aboutMeAppUITests */,
				66DB6A842C52A7FB00109B82 /* Products */,
			);
			sourceTree = "<group>";
		};
		66DB6A842C52A7FB00109B82 /* Products */ = {
			isa = PBXGroup;
			children = (
				66DB6A832C52A7FB00109B82 /* aboutMeApp.app */,
				66DB6A932C52A80000109B82 /* aboutMeAppTests.xctest */,
				66DB6A9D2C52A80000109B82 /* aboutMeAppUITests.xctest */,
			);
			name = Products;
			sourceTree = "<group>";
		};
		66DB6A852C52A7FB00109B82 /* aboutMeApp */ = {
			isa = PBXGroup;
			children = (
				66DB6A862C52A7FB00109B82 /* aboutMeAppApp.swift */,
				66DB6A882C52A7FB00109B82 /* ContentView.swift */,
				66DB6A8A2C52A7FF00109B82 /* Assets.xcassets */,
				66DB6A8C2C52A7FF00109B82 /* Preview Content */,
			);
			path = aboutMeApp;
			sourceTree = "<group>";
		};
		66DB6A8C2C52A7FF00109B82 /* Preview Content */ = {
			isa = PBXGroup;
			children = (
				66DB6A8D2C52A7FF00109B82 /* Preview Assets.xcassets */,
			);
			path = "Preview Content";
			sourceTree = "<group>";
		};
		66DB6A962C52A80000109B82 /* aboutMeAppTests */ = {
			isa = PBXGroup;
			children = (
				66DB6A972C52A80000109B82 /* aboutMeAppTests.swift */,
			);
			path = aboutMeAppTests;
			sourceTree = "<group>";
		};
		66DB6AA02C52A80000109B82 /* aboutMeAppUITests */ = {
			isa = PBXGroup;
			children = (
				66DB6AA12C52A80000109B82 /* aboutMeAppUITests.swift */,
				66DB6AA32C52A80000109B82 /* aboutMeAppUITestsLaunchTests.swift */,
			);
			path = aboutMeAppUITests;
			sourceTree = "<group>";
		};
/* End PBXGroup section */

/* Begin PBXNativeTarget section */
		66DB6A822C52A7FB00109B82 /* aboutMeApp */ = {
			isa = PBXNativeTarget;
			buildConfigurationList = 66DB6AA72C52A80000109B82 /* Build configuration list for PBXNativeTarget "aboutMeApp" */;
			buildPhases = (
				66DB6A7F2C52A7FB00109B82 /* Sources */,
				66DB6A802C52A7FB00109B82 /* Frameworks */,
				66DB6A812C52A7FB00109B82 /* Resources */,
			);
			buildRules = (
			);
			dependencies = (
			);
			name = aboutMeApp;
			productName = aboutMeApp;
			productReference = 66DB6A832C52A7FB00109B82 /* aboutMeApp.app */;
			productType = "com.apple.product-type.application";
		};
		66DB6A922C52A80000109B82 /* aboutMeAppTests */ = {
			isa = PBXNativeTarget;
			buildConfigurationList = 66DB6AAA2C52A80000109B82 /* Build configuration list for PBXNativeTarget "aboutMeAppTests" */;
			buildPhases = (
				66DB6A8F2C52A80000109B82 /* Sources */,
				66DB6A902C52A80000109B82 /* Frameworks */,
				66DB6A912C52A80000109B82 /* Resources */,
			);
			buildRules = (
			);
			dependencies = (
				66DB6A952C52A80000109B82 /* PBXTargetDependency */,
			);
			name = aboutMeAppTests;
			productName = aboutMeAppTests;
			productReference = 66DB6A932C52A80000109B82 /* aboutMeAppTests.xctest */;
			productType = "com.apple.product-type.bundle.unit-test";
		};
		66DB6A9C2C52A80000109B82 /* aboutMeAppUITests */ = {
			isa = PBXNativeTarget;
			buildConfigurationList = 66DB6AAD2C52A80000109B82 /* Build configuration list for PBXNativeTarget "aboutMeAppUITests" */;
			buildPhases = (
				66DB6A992C52A80000109B82 /* Sources */,
				66DB6A9A2C52A80000109B82 /* Frameworks */,
				66DB6A9B2C52A80000109B82 /* Resources */,
			);
			buildRules = (
			);
			dependencies = (
				66DB6A9F2C52A80000109B82 /* PBXTargetDependency */,
			);
			name = aboutMeAppUITests;
			productName = aboutMeAppUITests;
			productReference = 66DB6A9D2C52A80000109B82 /* aboutMeAppUITests.xctest */;
			productType = "com.apple.product-type.bundle.ui-testing";
		};
/* End PBXNativeTarget section */

/* Begin PBXProject section */
		66DB6A7B2C52A7FB00109B82 /* Project object */ = {
			isa = PBXProject;
			attributes = {
				BuildIndependentTargetsInParallel = 1;
				LastSwiftUpdateCheck = 1540;
				LastUpgradeCheck = 1540;
				TargetAttributes = {
					66DB6A822C52A7FB00109B82 = {
						CreatedOnToolsVersion = 15.4;
					};
					66DB6A922C52A80000109B82 = {
						CreatedOnToolsVersion = 15.4;
						TestTargetID = 66DB6A822C52A7FB00109B82;
					};
					66DB6A9C2C52A80000109B82 = {
						CreatedOnToolsVersion = 15.4;
						TestTargetID = 66DB6A822C52A7FB00109B82;
					};
				};
			};
			buildConfigurationList = 66DB6A7E2C52A7FB00109B82 /* Build configuration list for PBXProject "aboutMeApp" */;
			compatibilityVersion = "Xcode 14.0";
			developmentRegion = en;
			hasScannedForEncodings = 0;
			knownRegions = (
				en,
				Base,
			);
			mainGroup = 66DB6A7A2C52A7FB00109B82;
			productRefGroup = 66DB6A842C52A7FB00109B82 /* Products */;
			projectDirPath = "";
			projectRoot = "";
			targets = (
				66DB6A822C52A7FB00109B82 /* aboutMeApp */,
				66DB6A922C52A80000109B82 /* aboutMeAppTests */,
				66DB6A9C2C52A80000109B82 /* aboutMeAppUITests */,
			);
		};
/* End PBXProject section */

/* Begin PBXResourcesBuildPhase section */
		66DB6A812C52A7FB00109B82 /* Resources */ = {
			isa = PBXResourcesBuildPhase;
			buildActionMask = 2147483647;
			files = (
				66DB6A8E2C52A7FF00109B82 /* Preview Assets.xcassets in Resources */,
				66DB6A8B2C52A7FF00109B82 /* Assets.xcassets in Resources */,
			);
			runOnlyForDeploymentPostprocessing = 0;
		};
		66DB6A912C52A80000109B82 /* Resources */ = {
			isa = PBXResourcesBuildPhase;
			buildActionMask = 2147483647;
			files = (
			);
			runOnlyForDeploymentPostprocessing = 0;
		};
		66DB6A9B2C52A80000109B82 /* Resources */ = {
			isa = PBXResourcesBuildPhase;
			buildActionMask = 2147483647;
			files = (
			);
			runOnlyForDeploymentPostprocessing = 0;
		};
/* End PBXResourcesBuildPhase section */

/* Begin PBXSourcesBuildPhase section */
		66DB6A7F2C52A7FB00109B82 /* Sources */ = {
			isa = PBXSourcesBuildPhase;
			buildActionMask = 2147483647;
			files = (
				66DB6A892C52A7FB00109B82 /* ContentView.swift in Sources */,
				66DB6A872C52A7FB00109B82 /* aboutMeAppApp.swift in Sources */,
			);
			runOnlyForDeploymentPostprocessing = 0;
		};
		66DB6A8F2C52A80000109B82 /* Sources */ = {
			isa = PBXSourcesBuildPhase;
			buildActionMask = 2147483647;
			files = (
				66DB6A982C52A80000109B82 /* aboutMeAppTests.swift in Sources */,
			);
			runOnlyForDeploymentPostprocessing = 0;
		};
		66DB6A992C52A80000109B82 /* Sources */ = {
			isa = PBXSourcesBuildPhase;
			buildActionMask = 2147483647;
			files = (
				66DB6AA42C52A80000109B82 /* aboutMeAppUITestsLaunchTests.swift in Sources */,
				66DB6AA22C52A80000109B82 /* aboutMeAppUITests.swift in Sources */,
			);
			runOnlyForDeploymentPostprocessing = 0;
		};
/* End PBXSourcesBuildPhase section */

/* Begin PBXTargetDependency section */
		66DB6A952C52A80000109B82 /* PBXTargetDependency */ = {
			isa = PBXTargetDependency;
			target = 66DB6A822C52A7FB00109B82 /* aboutMeApp */;
			targetProxy = 66DB6A942C52A80000109B82 /* PBXContainerItemProxy */;
		};
		66DB6A9F2C52A80000109B82 /* PBXTargetDependency */ = {
			isa = PBXTargetDependency;
			target = 66DB6A822C52A7FB00109B82 /* aboutMeApp */;
			targetProxy = 66DB6A9E2C52A80000109B82 /* PBXContainerItemProxy */;
		};
/* End PBXTargetDependency section */

/* Begin XCBuildConfiguration section */
		66DB6AA52C52A80000109B82 /* Debug */ = {
			isa = XCBuildConfiguration;
			buildSettings = {
				ALWAYS_SEARCH_USER_PATHS = NO;
				ASSETCATALOG_COMPILER_GENERATE_SWIFT_ASSET_SYMBOL_EXTENSIONS = YES;
				CLANG_ANALYZER_NONNULL = YES;
				CLANG_ANALYZER_NUMBER_OBJECT_CONVERSION = YES_AGGRESSIVE;
				CLANG_CXX_LANGUAGE_STANDARD = "gnu++20";
				CLANG_ENABLE_MODULES = YES;
				CLANG_ENABLE_OBJC_ARC = YES;
				CLANG_ENABLE_OBJC_WEAK = YES;
				CLANG_WARN_BLOCK_CAPTURE_AUTORELEASING = YES;
				CLANG_WARN_BOOL_CONVERSION = YES;
				CLANG_WARN_COMMA = YES;
				CLANG_WARN_CONSTANT_CONVERSION = YES;
				CLANG_WARN_DEPRECATED_OBJC_IMPLEMENTATIONS = YES;
				CLANG_WARN_DIRECT_OBJC_ISA_USAGE = YES_ERROR;
				CLANG_WARN_DOCUMENTATION_COMMENTS = YES;
				CLANG_WARN_EMPTY_BODY = YES;
				CLANG_WARN_ENUM_CONVERSION = YES;
				CLANG_WARN_INFINITE_RECURSION = YES;
				CLANG_WARN_INT_CONVERSION = YES;
				CLANG_WARN_NON_LITERAL_NULL_CONVERSION = YES;
				CLANG_WARN_OBJC_IMPLICIT_RETAIN_SELF = YES;
				CLANG_WARN_OBJC_LITERAL_CONVERSION = YES;
				CLANG_WARN_OBJC_ROOT_CLASS = YES_ERROR;
				CLANG_WARN_QUOTED_INCLUDE_IN_FRAMEWORK_HEADER = YES;
				CLANG_WARN_RANGE_LOOP_ANALYSIS = YES;
				CLANG_WARN_STRICT_PROTOTYPES = YES;
				CLANG_WARN_SUSPICIOUS_MOVE = YES;
				CLANG_WARN_UNGUARDED_AVAILABILITY = YES_AGGRESSIVE;
				CLANG_WARN_UNREACHABLE_CODE = YES;
				CLANG_WARN__DUPLICATE_METHOD_MATCH = YES;
				COPY_PHASE_STRIP = NO;
				DEBUG_INFORMATION_FORMAT = dwarf;
				ENABLE_STRICT_OBJC_MSGSEND = YES;
				ENABLE_TESTABILITY = YES;
				ENABLE_USER_SCRIPT_SANDBOXING = YES;
				GCC_C_LANGUAGE_STANDARD = gnu17;
				GCC_DYNAMIC_NO_PIC = NO;
				GCC_NO_COMMON_BLOCKS = YES;
				GCC_OPTIMIZATION_LEVEL = 0;
				GCC_PREPROCESSOR_DEFINITIONS = (
					"DEBUG=1",
					"$(inherited)",
				);
				GCC_WARN_64_TO_32_BIT_CONVERSION = YES;
				GCC_WARN_ABOUT_RETURN_TYPE = YES_ERROR;
				GCC_WARN_UNDECLARED_SELECTOR = YES;
				GCC_WARN_UNINITIALIZED_AUTOS = YES_AGGRESSIVE;
				GCC_WARN_UNUSED_FUNCTION = YES;
				GCC_WARN_UNUSED_VARIABLE = YES;
				IPHONEOS_DEPLOYMENT_TARGET = 17.5;
				LOCALIZATION_PREFERS_STRING_CATALOGS = YES;
				MTL_ENABLE_DEBUG_INFO = INCLUDE_SOURCE;
				MTL_FAST_MATH = YES;
				ONLY_ACTIVE_ARCH = YES;
				SDKROOT = iphoneos;
				SWIFT_ACTIVE_COMPILATION_CONDITIONS = "DEBUG $(inherited)";
				SWIFT_OPTIMIZATION_LEVEL = "-Onone";
			};
			name = Debug;
		};
		66DB6AA62C52A80000109B82 /* Release */ = {
			isa = XCBuildConfiguration;
			buildSettings = {
				ALWAYS_SEARCH_USER_PATHS = NO;
				ASSETCATALOG_COMPILER_GENERATE_SWIFT_ASSET_SYMBOL_EXTENSIONS = YES;
				CLANG_ANALYZER_NONNULL = YES;
				CLANG_ANALYZER_NUMBER_OBJECT_CONVERSION = YES_AGGRESSIVE;
				CLANG_CXX_LANGUAGE_STANDARD = "gnu++20";
				CLANG_ENABLE_MODULES = YES;
				CLANG_ENABLE_OBJC_ARC = YES;
				CLANG_ENABLE_OBJC_WEAK = YES;
				CLANG_WARN_BLOCK_CAPTURE_AUTORELEASING = YES;
				CLANG_WARN_BOOL_CONVERSION = YES;
				CLANG_WARN_COMMA = YES;
				CLANG_WARN_CONSTANT_CONVERSION = YES;
				CLANG_WARN_DEPRECATED_OBJC_IMPLEMENTATIONS = YES;
				CLANG_WARN_DIRECT_OBJC_ISA_USAGE = YES_ERROR;
				CLANG_WARN_DOCUMENTATION_COMMENTS = YES;
				CLANG_WARN_EMPTY_BODY = YES;
				CLANG_WARN_ENUM_CONVERSION = YES;
				CLANG_WARN_INFINITE_RECURSION = YES;
				CLANG_WARN_INT_CONVERSION = YES;
				CLANG_WARN_NON_LITERAL_NULL_CONVERSION = YES;
				CLANG_WARN_OBJC_IMPLICIT_RETAIN_SELF = YES;
				CLANG_WARN_OBJC_LITERAL_CONVERSION = YES;
				CLANG_WARN_OBJC_ROOT_CLASS = YES_ERROR;
				CLANG_WARN_QUOTED_INCLUDE_IN_FRAMEWORK_HEADER = YES;
				CLANG_WARN_RANGE_LOOP_ANALYSIS = YES;
				CLANG_WARN_STRICT_PROTOTYPES = YES;
				CLANG_WARN_SUSPICIOUS_MOVE = YES;
				CLANG_WARN_UNGUARDED_AVAILABILITY = YES_AGGRESSIVE;
				CLANG_WARN_UNREACHABLE_CODE = YES;
				CLANG_WARN__DUPLICATE_METHOD_MATCH = YES;
				COPY_PHASE_STRIP = NO;
				DEBUG_INFORMATION_FORMAT = "dwarf-with-dsym";
				ENABLE_NS_ASSERTIONS = NO;
				ENABLE_STRICT_OBJC_MSGSEND = YES;
				ENABLE_USER_SCRIPT_SANDBOXING = YES;
				GCC_C_LANGUAGE_STANDARD = gnu17;
				GCC_NO_COMMON_BLOCKS = YES;
				GCC_WARN_64_TO_32_BIT_CONVERSION = YES;
				GCC_WARN_ABOUT_RETURN_TYPE = YES_ERROR;
				GCC_WARN_UNDECLARED_SELECTOR = YES;
				GCC_WARN_UNINITIALIZED_AUTOS = YES_AGGRESSIVE;
				GCC_WARN_UNUSED_FUNCTION = YES;
				GCC_WARN_UNUSED_VARIABLE = YES;
				IPHONEOS_DEPLOYMENT_TARGET = 17.5;
				LOCALIZATION_PREFERS_STRING_CATALOGS = YES;
				MTL_ENABLE_DEBUG_INFO = NO;
				MTL_FAST_MATH = YES;
				SDKROOT = iphoneos;
				SWIFT_COMPILATION_MODE = wholemodule;
				VALIDATE_PRODUCT = YES;
			};
			name = Release;
		};
		66DB6AA82C52A80000109B82 /* Debug */ = {
			isa = XCBuildConfiguration;
			buildSettings = {
				ASSETCATALOG_COMPILER_APPICON_NAME = AppIcon;
				ASSETCATALOG_COMPILER_GLOBAL_ACCENT_COLOR_NAME = AccentColor;
				CODE_SIGN_STYLE = Automatic;
				CURRENT_PROJECT_VERSION = 1;
				DEVELOPMENT_ASSET_PATHS = "\"aboutMeApp/Preview Content\"";
				DEVELOPMENT_TEAM = WX3PJ5T76N;
				ENABLE_PREVIEWS = YES;
				GENERATE_INFOPLIST_FILE = YES;
				INFOPLIST_KEY_UIApplicationSceneManifest_Generation = YES;
				INFOPLIST_KEY_UIApplicationSupportsIndirectInputEvents = YES;
				INFOPLIST_KEY_UILaunchScreen_Generation = YES;
				INFOPLIST_KEY_UISupportedInterfaceOrientations_iPad = "UIInterfaceOrientationPortrait UIInterfaceOrientationPortraitUpsideDown UIInterfaceOrientationLandscapeLeft UIInterfaceOrientationLandscapeRight";
				INFOPLIST_KEY_UISupportedInterfaceOrientations_iPhone = "UIInterfaceOrientationPortrait UIInterfaceOrientationLandscapeLeft UIInterfaceOrientationLandscapeRight";
				LD_RUNPATH_SEARCH_PATHS = (
					"$(inherited)",
					"@executable_path/Frameworks",
				);
				MARKETING_VERSION = 1.0;
				PRODUCT_BUNDLE_IDENTIFIER = Klossy.aboutMeApp;
				PRODUCT_NAME = "$(TARGET_NAME)";
				SWIFT_EMIT_LOC_STRINGS = YES;
				SWIFT_VERSION = 5.0;
				TARGETED_DEVICE_FAMILY = "1,2";
			};
			name = Debug;
		};
		66DB6AA92C52A80000109B82 /* Release */ = {
			isa = XCBuildConfiguration;
			buildSettings = {
				ASSETCATALOG_COMPILER_APPICON_NAME = AppIcon;
				ASSETCATALOG_COMPILER_GLOBAL_ACCENT_COLOR_NAME = AccentColor;
				CODE_SIGN_STYLE = Automatic;
				CURRENT_PROJECT_VERSION = 1;
				DEVELOPMENT_ASSET_PATHS = "\"aboutMeApp/Preview Content\"";
				DEVELOPMENT_TEAM = WX3PJ5T76N;
				ENABLE_PREVIEWS = YES;
				GENERATE_INFOPLIST_FILE = YES;
				INFOPLIST_KEY_UIApplicationSceneManifest_Generation = YES;
				INFOPLIST_KEY_UIApplicationSupportsIndirectInputEvents = YES;
				INFOPLIST_KEY_UILaunchScreen_Generation = YES;
				INFOPLIST_KEY_UISupportedInterfaceOrientations_iPad = "UIInterfaceOrientationPortrait UIInterfaceOrientationPortraitUpsideDown UIInterfaceOrientationLandscapeLeft UIInterfaceOrientationLandscapeRight";
				INFOPLIST_KEY_UISupportedInterfaceOrientations_iPhone = "UIInterfaceOrientationPortrait UIInterfaceOrientationLandscapeLeft UIInterfaceOrientationLandscapeRight";
				LD_RUNPATH_SEARCH_PATHS = (
					"$(inherited)",
					"@executable_path/Frameworks",
				);
				MARKETING_VERSION = 1.0;
				PRODUCT_BUNDLE_IDENTIFIER = Klossy.aboutMeApp;
				PRODUCT_NAME = "$(TARGET_NAME)";
				SWIFT_EMIT_LOC_STRINGS = YES;
				SWIFT_VERSION = 5.0;
				TARGETED_DEVICE_FAMILY = "1,2";
			};
			name = Release;
		};
		66DB6AAB2C52A80000109B82 /* Debug */ = {
			isa = XCBuildConfiguration;
			buildSettings = {
				ALWAYS_EMBED_SWIFT_STANDARD_LIBRARIES = YES;
				BUNDLE_LOADER = "$(TEST_HOST)";
				CODE_SIGN_STYLE = Automatic;
				CURRENT_PROJECT_VERSION = 1;
				DEVELOPMENT_TEAM = WX3PJ5T76N;
				GENERATE_INFOPLIST_FILE = YES;
				IPHONEOS_DEPLOYMENT_TARGET = 17.5;
				MARKETING_VERSION = 1.0;
				PRODUCT_BUNDLE_IDENTIFIER = Klossy.aboutMeAppTests;
				PRODUCT_NAME = "$(TARGET_NAME)";
				SWIFT_EMIT_LOC_STRINGS = NO;
				SWIFT_VERSION = 5.0;
				TARGETED_DEVICE_FAMILY = "1,2";
				TEST_HOST = "$(BUILT_PRODUCTS_DIR)/aboutMeApp.app/$(BUNDLE_EXECUTABLE_FOLDER_PATH)/aboutMeApp";
			};
			name = Debug;
		};
		66DB6AAC2C52A80000109B82 /* Release */ = {
			isa = XCBuildConfiguration;
			buildSettings = {
				ALWAYS_EMBED_SWIFT_STANDARD_LIBRARIES = YES;
				BUNDLE_LOADER = "$(TEST_HOST)";
				CODE_SIGN_STYLE = Automatic;
				CURRENT_PROJECT_VERSION = 1;
				DEVELOPMENT_TEAM = WX3PJ5T76N;
				GENERATE_INFOPLIST_FILE = YES;
				IPHONEOS_DEPLOYMENT_TARGET = 17.5;
				MARKETING_VERSION = 1.0;
				PRODUCT_BUNDLE_IDENTIFIER = Klossy.aboutMeAppTests;
				PRODUCT_NAME = "$(TARGET_NAME)";
				SWIFT_EMIT_LOC_STRINGS = NO;
				SWIFT_VERSION = 5.0;
				TARGETED_DEVICE_FAMILY = "1,2";
				TEST_HOST = "$(BUILT_PRODUCTS_DIR)/aboutMeApp.app/$(BUNDLE_EXECUTABLE_FOLDER_PATH)/aboutMeApp";
			};
			name = Release;
		};
		66DB6AAE2C52A80000109B82 /* Debug */ = {
			isa = XCBuildConfiguration;
			buildSettings = {
				ALWAYS_EMBED_SWIFT_STANDARD_LIBRARIES = YES;
				CODE_SIGN_STYLE = Automatic;
				CURRENT_PROJECT_VERSION = 1;
				DEVELOPMENT_TEAM = WX3PJ5T76N;
				GENERATE_INFOPLIST_FILE = YES;
				MARKETING_VERSION = 1.0;
				PRODUCT_BUNDLE_IDENTIFIER = Klossy.aboutMeAppUITests;
				PRODUCT_NAME = "$(TARGET_NAME)";
				SWIFT_EMIT_LOC_STRINGS = NO;
				SWIFT_VERSION = 5.0;
				TARGETED_DEVICE_FAMILY = "1,2";
				TEST_TARGET_NAME = aboutMeApp;
			};
			name = Debug;
		};
		66DB6AAF2C52A80000109B82 /* Release */ = {
			isa = XCBuildConfiguration;
			buildSettings = {
				ALWAYS_EMBED_SWIFT_STANDARD_LIBRARIES = YES;
				CODE_SIGN_STYLE = Automatic;
				CURRENT_PROJECT_VERSION = 1;
				DEVELOPMENT_TEAM = WX3PJ5T76N;
				GENERATE_INFOPLIST_FILE = YES;
				MARKETING_VERSION = 1.0;
				PRODUCT_BUNDLE_IDENTIFIER = Klossy.aboutMeAppUITests;
				PRODUCT_NAME = "$(TARGET_NAME)";
				SWIFT_EMIT_LOC_STRINGS = NO;
				SWIFT_VERSION = 5.0;
				TARGETED_DEVICE_FAMILY = "1,2";
				TEST_TARGET_NAME = aboutMeApp;
			};
			name = Release;
		};
/* End XCBuildConfiguration section */

/* Begin XCConfigurationList section */
		66DB6A7E2C52A7FB00109B82 /* Build configuration list for PBXProject "aboutMeApp" */ = {
			isa = XCConfigurationList;
			buildConfigurations = (
				66DB6AA52C52A80000109B82 /* Debug */,
				66DB6AA62C52A80000109B82 /* Release */,
			);
			defaultConfigurationIsVisible = 0;
			defaultConfigurationName = Release;
		};
		66DB6AA72C52A80000109B82 /* Build configuration list for PBXNativeTarget "aboutMeApp" */ = {
			isa = XCConfigurationList;
			buildConfigurations = (
				66DB6AA82C52A80000109B82 /* Debug */,
				66DB6AA92C52A80000109B82 /* Release */,
			);
			defaultConfigurationIsVisible = 0;
			defaultConfigurationName = Release;
		};
		66DB6AAA2C52A80000109B82 /* Build configuration list for PBXNativeTarget "aboutMeAppTests" */ = {
			isa = XCConfigurationList;
			buildConfigurations = (
				66DB6AAB2C52A80000109B82 /* Debug */,
				66DB6AAC2C52A80000109B82 /* Release */,
			);
			defaultConfigurationIsVisible = 0;
			defaultConfigurationName = Release;
		};
		66DB6AAD2C52A80000109B82 /* Build configuration list for PBXNativeTarget "aboutMeAppUITests" */ = {
			isa = XCConfigurationList;
			buildConfigurations = (
				66DB6AAE2C52A80000109B82 /* Debug */,
				66DB6AAF2C52A80000109B82 /* Release */,
			);
			defaultConfigurationIsVisible = 0;
			defaultConfigurationName = Release;
		};
/* End XCConfigurationList section */
	};
	rootObject = 66DB6A7B2C52A7FB00109B82 /* Project object */;
}
